
Microsoft Visual Studio Solution File, Format Version 12.00
# Visual Studio 15
VisualStudioVersion = 15.0.28307.1231
MinimumVisualStudioVersion = 10.0.40219.1
Project("{FAE04EC0-301F-11D3-BF4B-00C04F79EFBC}") = "Web_Lab_1", "Web_Lab_1\Web_Lab_1.csproj", "{EB05AF7A-2D69-47DE-904D-4E29C077BD03}"
EndProject
Global
	GlobalSection(SolutionConfigurationPlatforms) = preSolution
		Debug|Any CPU = Debug|Any CPU
		Release|Any CPU = Release|Any CPU
	EndGlobalSection
	GlobalSection(ProjectConfigurationPlatforms) = postSolution
		{EB05AF7A-2D69-47DE-904D-4E29C077BD03}.Debug|Any CPU.ActiveCfg = Debug|Any CPU
		{EB05AF7A-2D69-47DE-904D-4E29C077BD03}.Debug|Any CPU.Build.0 = Debug|Any CPU
		{EB05AF7A-2D69-47DE-904D-4E29C077BD03}.Release|Any CPU.ActiveCfg = Release|Any CPU
		{EB05AF7A-2D69-47DE-904D-4E29C077BD03}.Release|Any CPU.Build.0 = Release|Any CPU
	EndGlobalSection
	GlobalSection(SolutionProperties) = preSolution
		HideSolutionNode = FALSE
	EndGlobalSection
	GlobalSection(ExtensibilityGlobals) = postSolution
		SolutionGuid = {2F4930CB-B7B8-47F0-B6EB-483EE1E4379E}
	EndGlobalSection
EndGlobal
